
Microsoft Visual Studio Solution File, Format Version 12.00
# Visual Studio Version 16
VisualStudioVersion = 16.0.29306.81
MinimumVisualStudioVersion = 10.0.40219.1
Project("{FAE04EC0-301F-11D3-BF4B-00C04F79EFBC}") = "HW_03_Task3", "HW_03_Task3.csproj", "{2AD9E54D-7F43-4061-A97F-31AD052CF763}"
EndProject
Project("{FAE04EC0-301F-11D3-BF4B-00C04F79EFBC}") = "HW_03_Task4", "..\HW_03_Task4\HW_03_Task4.csproj", "{72F797DF-3741-45AD-B7CD-2A7E8E5C1AF1}"
EndProject
Global
	GlobalSection(SolutionConfigurationPlatforms) = preSolution
		Debug|Any CPU = Debug|Any CPU
		Release|Any CPU = Release|Any CPU
	EndGlobalSection
	GlobalSection(ProjectConfigurationPlatforms) = postSolution
		{2AD9E54D-7F43-4061-A97F-31AD052CF763}.Debug|Any CPU.ActiveCfg = Debug|Any CPU
		{2AD9E54D-7F43-4061-A97F-31AD052CF763}.Debug|Any CPU.Build.0 = Debug|Any CPU
		{2AD9E54D-7F43-4061-A97F-31AD052CF763}.Release|Any CPU.ActiveCfg = Release|Any CPU
		{2AD9E54D-7F43-4061-A97F-31AD052CF763}.Release|Any CPU.Build.0 = Release|Any CPU
		{72F797DF-3741-45AD-B7CD-2A7E8E5C1AF1}.Debug|Any CPU.ActiveCfg = Debug|Any CPU
		{72F797DF-3741-45AD-B7CD-2A7E8E5C1AF1}.Debug|Any CPU.Build.0 = Debug|Any CPU
		{72F797DF-3741-45AD-B7CD-2A7E8E5C1AF1}.Release|Any CPU.ActiveCfg = Release|Any CPU
		{72F797DF-3741-45AD-B7CD-2A7E8E5C1AF1}.Release|Any CPU.Build.0 = Release|Any CPU
	EndGlobalSection
	GlobalSection(SolutionProperties) = preSolution
		HideSolutionNode = FALSE
	EndGlobalSection
	GlobalSection(ExtensibilityGlobals) = postSolution
		SolutionGuid = {FF02154A-B5C7-4E87-A1E8-67CF2EF0FBF1}
	EndGlobalSection
EndGlobal
