
Microsoft Visual Studio Solution File, Format Version 12.00
# Visual Studio Version 16
VisualStudioVersion = 16.0.29306.81
MinimumVisualStudioVersion = 10.0.40219.1
Project("{9A19103F-16F7-4668-BE54-9A1E7A4F7556}") = "HW_04_Task3", "HW_04_Task3.csproj", "{B854C191-1011-4DDE-A301-E4845ADAEE01}"
EndProject
Global
	GlobalSection(SolutionConfigurationPlatforms) = preSolution
		Debug|Any CPU = Debug|Any CPU
		Release|Any CPU = Release|Any CPU
	EndGlobalSection
	GlobalSection(ProjectConfigurationPlatforms) = postSolution
		{B854C191-1011-4DDE-A301-E4845ADAEE01}.Debug|Any CPU.ActiveCfg = Debug|Any CPU
		{B854C191-1011-4DDE-A301-E4845ADAEE01}.Debug|Any CPU.Build.0 = Debug|Any CPU
		{B854C191-1011-4DDE-A301-E4845ADAEE01}.Release|Any CPU.ActiveCfg = Release|Any CPU
		{B854C191-1011-4DDE-A301-E4845ADAEE01}.Release|Any CPU.Build.0 = Release|Any CPU
	EndGlobalSection
	GlobalSection(SolutionProperties) = preSolution
		HideSolutionNode = FALSE
	EndGlobalSection
	GlobalSection(ExtensibilityGlobals) = postSolution
		SolutionGuid = {09BA9439-30B7-4CE6-BE6C-8EAF01DC66D9}
	EndGlobalSection
EndGlobal
