
Microsoft Visual Studio Solution File, Format Version 12.00
# Visual Studio Version 16
VisualStudioVersion = 16.0.29306.81
MinimumVisualStudioVersion = 10.0.40219.1
Project("{FAE04EC0-301F-11D3-BF4B-00C04F79EFBC}") = "HW_05_Task_3", "HW_05_Task_3.csproj", "{70234DB1-1D9C-43AA-ABC2-D7A934D9F674}"
EndProject
Global
	GlobalSection(SolutionConfigurationPlatforms) = preSolution
		Debug|Any CPU = Debug|Any CPU
		Release|Any CPU = Release|Any CPU
	EndGlobalSection
	GlobalSection(ProjectConfigurationPlatforms) = postSolution
		{70234DB1-1D9C-43AA-ABC2-D7A934D9F674}.Debug|Any CPU.ActiveCfg = Debug|Any CPU
		{70234DB1-1D9C-43AA-ABC2-D7A934D9F674}.Debug|Any CPU.Build.0 = Debug|Any CPU
		{70234DB1-1D9C-43AA-ABC2-D7A934D9F674}.Release|Any CPU.ActiveCfg = Release|Any CPU
		{70234DB1-1D9C-43AA-ABC2-D7A934D9F674}.Release|Any CPU.Build.0 = Release|Any CPU
	EndGlobalSection
	GlobalSection(SolutionProperties) = preSolution
		HideSolutionNode = FALSE
	EndGlobalSection
	GlobalSection(ExtensibilityGlobals) = postSolution
		SolutionGuid = {3A0B5CA6-B572-4088-ADE7-E79877C0EF12}
	EndGlobalSection
EndGlobal
